
Microsoft Visual Studio Solution File, Format Version 12.00
# Visual Studio 14
VisualStudioVersion = 14.0.25420.1
MinimumVisualStudioVersion = 10.0.40219.1
Project("{FAE04EC0-301F-11D3-BF4B-00C04F79EFBC}") = "RetroMud.Client", "RetroMud.Client\RetroMud.Client.csproj", "{1426F3D8-7EC8-4BF7-9D9C-EF9939720007}"
EndProject
Project("{FAE04EC0-301F-11D3-BF4B-00C04F79EFBC}") = "RetroMud.Instance", "RetroMud.Instance\RetroMud.Instance.csproj", "{D941A41D-E3DC-41EC-B45D-17F780A3FC87}"
EndProject
Project("{FAE04EC0-301F-11D3-BF4B-00C04F79EFBC}") = "RetroMud.Core", "RetroMud.Core\RetroMud.Core.csproj", "{64ACD832-7568-4FDD-8736-0F920840324C}"
EndProject
Project("{FAE04EC0-301F-11D3-BF4B-00C04F79EFBC}") = "RetroMud.Messaging", "RetroMud.Messaging\RetroMud.Messaging.csproj", "{E174CAD6-B1D4-4283-A094-3556BB05A1DE}"
EndProject
Project("{FAE04EC0-301F-11D3-BF4B-00C04F79EFBC}") = "RetroMud.Rendering", "RetroMud.Rendering\RetroMud.Rendering.csproj", "{4B78A9F0-B2C5-4045-B695-4DAEDD0F6DB8}"
EndProject
Global
	GlobalSection(SolutionConfigurationPlatforms) = preSolution
		Debug|Any CPU = Debug|Any CPU
		Release|Any CPU = Release|Any CPU
	EndGlobalSection
	GlobalSection(ProjectConfigurationPlatforms) = postSolution
		{1426F3D8-7EC8-4BF7-9D9C-EF9939720007}.Debug|Any CPU.ActiveCfg = Debug|Any CPU
		{1426F3D8-7EC8-4BF7-9D9C-EF9939720007}.Debug|Any CPU.Build.0 = Debug|Any CPU
		{1426F3D8-7EC8-4BF7-9D9C-EF9939720007}.Release|Any CPU.ActiveCfg = Release|Any CPU
		{1426F3D8-7EC8-4BF7-9D9C-EF9939720007}.Release|Any CPU.Build.0 = Release|Any CPU
		{D941A41D-E3DC-41EC-B45D-17F780A3FC87}.Debug|Any CPU.ActiveCfg = Debug|Any CPU
		{D941A41D-E3DC-41EC-B45D-17F780A3FC87}.Debug|Any CPU.Build.0 = Debug|Any CPU
		{D941A41D-E3DC-41EC-B45D-17F780A3FC87}.Release|Any CPU.ActiveCfg = Release|Any CPU
		{D941A41D-E3DC-41EC-B45D-17F780A3FC87}.Release|Any CPU.Build.0 = Release|Any CPU
		{64ACD832-7568-4FDD-8736-0F920840324C}.Debug|Any CPU.ActiveCfg = Debug|Any CPU
		{64ACD832-7568-4FDD-8736-0F920840324C}.Debug|Any CPU.Build.0 = Debug|Any CPU
		{64ACD832-7568-4FDD-8736-0F920840324C}.Release|Any CPU.ActiveCfg = Release|Any CPU
		{64ACD832-7568-4FDD-8736-0F920840324C}.Release|Any CPU.Build.0 = Release|Any CPU
		{E174CAD6-B1D4-4283-A094-3556BB05A1DE}.Debug|Any CPU.ActiveCfg = Debug|Any CPU
		{E174CAD6-B1D4-4283-A094-3556BB05A1DE}.Debug|Any CPU.Build.0 = Debug|Any CPU
		{E174CAD6-B1D4-4283-A094-3556BB05A1DE}.Release|Any CPU.ActiveCfg = Release|Any CPU
		{E174CAD6-B1D4-4283-A094-3556BB05A1DE}.Release|Any CPU.Build.0 = Release|Any CPU
		{4B78A9F0-B2C5-4045-B695-4DAEDD0F6DB8}.Debug|Any CPU.ActiveCfg = Debug|Any CPU
		{4B78A9F0-B2C5-4045-B695-4DAEDD0F6DB8}.Debug|Any CPU.Build.0 = Debug|Any CPU
		{4B78A9F0-B2C5-4045-B695-4DAEDD0F6DB8}.Release|Any CPU.ActiveCfg = Release|Any CPU
		{4B78A9F0-B2C5-4045-B695-4DAEDD0F6DB8}.Release|Any CPU.Build.0 = Release|Any CPU
	EndGlobalSection
	GlobalSection(SolutionProperties) = preSolution
		HideSolutionNode = FALSE
	EndGlobalSection
EndGlobal
