
Microsoft Visual Studio Solution File, Format Version 12.00
# Visual Studio 14
VisualStudioVersion = 14.0.25420.1
MinimumVisualStudioVersion = 10.0.40219.1
Project("{FAE04EC0-301F-11D3-BF4B-00C04F79EFBC}") = "RetroMud.Client", "RetroMud.Client\RetroMud.Client.csproj", "{1426F3D8-7EC8-4BF7-9D9C-EF9939720007}"
EndProject
Project("{FAE04EC0-301F-11D3-BF4B-00C04F79EFBC}") = "RetroMud.Instance", "RetroMud.Instance\RetroMud.Instance.csproj", "{D941A41D-E3DC-41EC-B45D-17F780A3FC87}"
EndProject
Project("{FAE04EC0-301F-11D3-BF4B-00C04F79EFBC}") = "RetroMud.Tcp", "RetroMud.Tcp\RetroMud.Tcp.csproj", "{FDE208F7-55A9-4B9D-9D1C-4357B31C6F31}"
EndProject
Project("{FAE04EC0-301F-11D3-BF4B-00C04F79EFBC}") = "RetroMud.Core", "RetroMud.Core\RetroMud.Core.csproj", "{64ACD832-7568-4FDD-8736-0F920840324C}"
EndProject
Global
	GlobalSection(SolutionConfigurationPlatforms) = preSolution
		Debug|Any CPU = Debug|Any CPU
		Release|Any CPU = Release|Any CPU
	EndGlobalSection
	GlobalSection(ProjectConfigurationPlatforms) = postSolution
		{1426F3D8-7EC8-4BF7-9D9C-EF9939720007}.Debug|Any CPU.ActiveCfg = Debug|Any CPU
		{1426F3D8-7EC8-4BF7-9D9C-EF9939720007}.Debug|Any CPU.Build.0 = Debug|Any CPU
		{1426F3D8-7EC8-4BF7-9D9C-EF9939720007}.Release|Any CPU.ActiveCfg = Release|Any CPU
		{1426F3D8-7EC8-4BF7-9D9C-EF9939720007}.Release|Any CPU.Build.0 = Release|Any CPU
		{D941A41D-E3DC-41EC-B45D-17F780A3FC87}.Debug|Any CPU.ActiveCfg = Debug|Any CPU
		{D941A41D-E3DC-41EC-B45D-17F780A3FC87}.Debug|Any CPU.Build.0 = Debug|Any CPU
		{D941A41D-E3DC-41EC-B45D-17F780A3FC87}.Release|Any CPU.ActiveCfg = Release|Any CPU
		{D941A41D-E3DC-41EC-B45D-17F780A3FC87}.Release|Any CPU.Build.0 = Release|Any CPU
		{FDE208F7-55A9-4B9D-9D1C-4357B31C6F31}.Debug|Any CPU.ActiveCfg = Debug|Any CPU
		{FDE208F7-55A9-4B9D-9D1C-4357B31C6F31}.Debug|Any CPU.Build.0 = Debug|Any CPU
		{FDE208F7-55A9-4B9D-9D1C-4357B31C6F31}.Release|Any CPU.ActiveCfg = Release|Any CPU
		{FDE208F7-55A9-4B9D-9D1C-4357B31C6F31}.Release|Any CPU.Build.0 = Release|Any CPU
		{64ACD832-7568-4FDD-8736-0F920840324C}.Debug|Any CPU.ActiveCfg = Debug|Any CPU
		{64ACD832-7568-4FDD-8736-0F920840324C}.Debug|Any CPU.Build.0 = Debug|Any CPU
		{64ACD832-7568-4FDD-8736-0F920840324C}.Release|Any CPU.ActiveCfg = Release|Any CPU
		{64ACD832-7568-4FDD-8736-0F920840324C}.Release|Any CPU.Build.0 = Release|Any CPU
	EndGlobalSection
	GlobalSection(SolutionProperties) = preSolution
		HideSolutionNode = FALSE
	EndGlobalSection
EndGlobal
